GEM
  remote: https://rubygems.org/
  specs:
    base64 (0.3.0)
    cgi (0.5.1)
    forwardable (1.4.0)
    linzer (0.7.8)
      cgi (>= 0.4.2, < 0.6.0)
      forwardable (~> 1.3, >= 1.3.3)
      logger (~> 1.7, >= 1.7.0)
      net-http (>= 0.6, < 0.10)
      openssl (>= 3, < 5)
      rack (>= 2.2, < 4.0)
      starry (~> 0.2)
      stringio (~> 3.1, >= 3.1.2)
      uri (~> 1.0, >= 1.0.2)
    logger (1.7.0)
    multi_json (1.20.1)
    mustermann (3.1.1)
    net-http (0.9.1)
      uri (>= 0.11.1)
    nio4r (2.7.5)
    openssl (4.0.1)
    puma (8.0.0)
      nio4r (~> 2.0)
    rack (3.2.6)
    rack-contrib (2.5.0)
      rack (< 4)
    rack-protection (4.2.1)
      base64 (>= 0.1.0)
      logger (>= 1.6.0)
      rack (>= 3.0.0, < 4)
    rack-session (2.1.2)
      base64 (>= 0.1.0)
      rack (>= 3.0.0)
    rackup (2.3.1)
      rack (>= 3)
    sinatra (4.2.1)
      logger (>= 1.6.0)
      mustermann (~> 3.0)
      rack (>= 3.0.0, < 4)
      rack-protection (= 4.2.1)
      rack-session (>= 2.0.0, < 3)
      tilt (~> 2.0)
    sinatra-contrib (4.2.1)
      multi_json (>= 0.0.2)
      mustermann (~> 3.0)
      rack-protection (= 4.2.1)
      sinatra (= 4.2.1)
      tilt (~> 2.0)
    srack (0.1.0)
      rack (~> 3.0)
    starry (0.2.0)
      base64
    stringio (3.2.0)
    tilt (2.7.0)
    uri (1.1.1)

PLATFORMS
  arm64-darwin-24
  ruby

DEPENDENCIES
  linzer
  puma
  rack
  rack-contrib
  rackup
  sinatra
  sinatra-contrib
  srack

CHECKSUMS
  base64 (0.3.0) sha256=27337aeabad6ffae05c265c450490628ef3ebd4b67be58257393227588f5a97b
  cgi (0.5.1) sha256=e93fcafc69b8a934fe1e6146121fa35430efa8b4a4047c4893764067036f18e9
  forwardable (1.4.0) sha256=f1cd40cc9812937980e1c76f1aa053660990a7c9b6a98fc37d945468afcce838
  linzer (0.7.8) sha256=6d8da45c582ce6cefa7234d32e11a20a8e1e35072b012b04eb734bb202469997
  logger (1.7.0) sha256=196edec7cc44b66cfb40f9755ce11b392f21f7967696af15d274dde7edff0203
  multi_json (1.20.1) sha256=2f3934e805cc45ef91b551a1f89d0e9191abd06a5e04a2ef09a6a036c452ca6d
  mustermann (3.1.1) sha256=4c6170c7234d5499c345562ba7c7dfe73e1754286dcc1abb053064d66a127198
  net-http (0.9.1) sha256=25ba0b67c63e89df626ed8fac771d0ad24ad151a858af2cc8e6a716ca4336996
  nio4r (2.7.5) sha256=6c90168e48fb5f8e768419c93abb94ba2b892a1d0602cb06eef16d8b7df1dca1
  openssl (4.0.1) sha256=e27974136b7b02894a1bce46c5397ee889afafe704a839446b54dc81cb9c5f7d
  puma (8.0.0) sha256=1681050b8b60fab1d3033255ab58b6aec64cd063e43fc6f8204bcb8bf9364b88
  rack (3.2.6) sha256=5ed78e1f73b2e25679bec7d45ee2d4483cc4146eb1be0264fc4d94cb5ef212c2
  rack-contrib (2.5.0) sha256=51bd2ce82b8a3270f9173130c4cdaea72aab8b03dce8cd6af1c4344d84a32d02
  rack-protection (4.2.1) sha256=cf6e2842df8c55f5e4d1a4be015e603e19e9bc3a7178bae58949ccbb58558bac
  rack-session (2.1.2) sha256=595434f8c0c3473ae7d7ac56ecda6cc6dfd9d37c0b2b5255330aa1576967ffe8
  rackup (2.3.1) sha256=6c79c26753778e90983761d677a48937ee3192b3ffef6bc963c0950f94688868
  sinatra (4.2.1) sha256=b7aeb9b11d046b552972ade834f1f9be98b185fa8444480688e3627625377080
  sinatra-contrib (4.2.1) sha256=10d091c944d268aa910c618ea40a3c3ebe0533e6e32990d84af92235a3d26b4a
  srack (0.1.0) sha256=6ec81da54c97d93a2bbefd0f884dbba4fa590667ea7800d118db53033e17f39e
  starry (0.2.0) sha256=2696b0a165694269177bd7d98f77b6e76fd62b69455f297684ba416088d429b1
  stringio (3.2.0) sha256=c37cb2e58b4ffbd33fe5cd948c05934af997b36e0b6ca6fdf43afa234cf222e1
  tilt (2.7.0) sha256=0d5b9ba69f6a36490c64b0eee9f6e9aad517e20dcc848800a06eb116f08c6ab3
  uri (1.1.1) sha256=379fa58d27ffb1387eaada68c749d1426738bd0f654d812fcc07e7568f5c57c6

BUNDLED WITH
  4.0.3
